github.com/google/go-cmp v0.2.0 h1:+dTQ8DZQJz0Mb/HjFlkptS1FeQ4cWSnN941F8aEG4SQ=
github.com/google/go-cmp v0.2.0/go.mod h1:oXzfMopK8JAjlY9xF4vHSVASa0yLyX7SntLO5aqRK0M=
github.com/processone/mpg123 v0.0.0-20160212185547-a17074c7ddc0 h1:7Sb9wi06laajixrlpOJACEtAsnbDYlH8/bRTfLKAiF4=
github.com/processone/mpg123 v0.0.0-20160212185547-a17074c7ddc0/go.mod h1:e9Ud3cx6fZEPqmEYDqjIsRvgFRPvXWhb0H1Cmu+LUtk=
github.com/processone/mpg123 v1.0.0 h1:o2WOyGZRM255or1Zc/LtF/jARn51B+9aQl72Qace0GA=
github.com/processone/mpg123 v1.0.0/go.mod h1:X/FeL+h8vD1bYsG9tIWV3M2c4qNTZOficyvPVBP08go=
github.com/processone/soundcloud v0.0.0-20160217145628-430ee371ebce h1:lDqQi4xGLeS5mZYpVeyle5num0mWdyy37QmsQiFSX1Y=
github.com/processone/soundcloud v0.0.0-20160217145628-430ee371ebce/go.mod h1:QfHw5V3JsrdJoYH4aD2+lr18v97eA6wyHaV0Zi+FuOI=
github.com/processone/soundcloud v1.0.0 h1:/+i6+Yveb7Y6IFGDSkesYI+HddblzcRTQClazzVHxoE=
github.com/processone/soundcloud v1.0.0/go.mod h1:kDLeWpkRtN3C8kIReQdxoiRi92P9xR6yW6qLOJnNWfY=
golang.org/x/net v0.0.0-20190110200230-915654e7eabc h1:Yx9JGxI1SBhVLFjpAkWMaO1TF+xyqtHLjZpvQboJGiM=
golang.org/x/net v0.0.0-20190110200230-915654e7eabc/go.mod h1:mL1N/T3taQHkDXs73rZJwtUhF3w3ftmwwsq0BUmARs4=
